
Microsoft Visual Studio Solution File, Format Version 12.00
# Visual Studio Version 17
VisualStudioVersion = 17.4.33205.214
MinimumVisualStudioVersion = 10.0.40219.1
Project("{FAE04EC0-301F-11D3-BF4B-00C04F79EFBC}") = "Folder0_50", "Folder0_50\Folder0_50.csproj", "{ABD56CCF-B977-4535-850A-67678D272502}"
EndProject
Project("{FAE04EC0-301F-11D3-BF4B-00C04F79EFBC}") = "FileInfo", "FileInfo\FileInfo.csproj", "{94A135C1-EB40-4875-986D-7E5EE026988E}"
EndProject
Project("{FAE04EC0-301F-11D3-BF4B-00C04F79EFBC}") = "FileSearch", "FileSearch\FileSearch.csproj", "{80EEA56B-0916-4985-B3A5-D30AFBB4EF38}"
EndProject
Global
	GlobalSection(SolutionConfigurationPlatforms) = preSolution
		Debug|Any CPU = Debug|Any CPU
		Release|Any CPU = Release|Any CPU
	EndGlobalSection
	GlobalSection(ProjectConfigurationPlatforms) = postSolution
		{ABD56CCF-B977-4535-850A-67678D272502}.Debug|Any CPU.ActiveCfg = Debug|Any CPU
		{ABD56CCF-B977-4535-850A-67678D272502}.Debug|Any CPU.Build.0 = Debug|Any CPU
		{ABD56CCF-B977-4535-850A-67678D272502}.Release|Any CPU.ActiveCfg = Release|Any CPU
		{ABD56CCF-B977-4535-850A-67678D272502}.Release|Any CPU.Build.0 = Release|Any CPU
		{94A135C1-EB40-4875-986D-7E5EE026988E}.Debug|Any CPU.ActiveCfg = Debug|Any CPU
		{94A135C1-EB40-4875-986D-7E5EE026988E}.Debug|Any CPU.Build.0 = Debug|Any CPU
		{94A135C1-EB40-4875-986D-7E5EE026988E}.Release|Any CPU.ActiveCfg = Release|Any CPU
		{94A135C1-EB40-4875-986D-7E5EE026988E}.Release|Any CPU.Build.0 = Release|Any CPU
		{80EEA56B-0916-4985-B3A5-D30AFBB4EF38}.Debug|Any CPU.ActiveCfg = Debug|Any CPU
		{80EEA56B-0916-4985-B3A5-D30AFBB4EF38}.Debug|Any CPU.Build.0 = Debug|Any CPU
		{80EEA56B-0916-4985-B3A5-D30AFBB4EF38}.Release|Any CPU.ActiveCfg = Release|Any CPU
		{80EEA56B-0916-4985-B3A5-D30AFBB4EF38}.Release|Any CPU.Build.0 = Release|Any CPU
	EndGlobalSection
	GlobalSection(SolutionProperties) = preSolution
		HideSolutionNode = FALSE
	EndGlobalSection
	GlobalSection(ExtensibilityGlobals) = postSolution
		SolutionGuid = {52D745AE-0B6A-478E-BE71-36A42C87E517}
	EndGlobalSection
EndGlobal
